# Generated by pub
# See https://dart.dev/tools/pub/glossary#lockfile
packages:
  airkiss:
    dependency: transitive
    description:
      name: airkiss
      url: "https://pub.flutter-io.cn"
    source: hosted
    version: "1.0.1"
  android_intent:
    dependency: "direct main"
    description:
      name: android_intent
      url: "https://pub.flutter-io.cn"
    source: hosted
    version: "0.3.7+7"
  archive:
    dependency: transitive
    description:
      name: archive
      url: "https://pub.flutter-io.cn"
    source: hosted
    version: "3.1.2"
  async:
    dependency: transitive
    description:
      name: async
      url: "https://pub.flutter-io.cn"
    source: hosted
    version: "2.7.0"
  auth_header:
    dependency: transitive
    description:
      name: auth_header
      url: "https://pub.flutter-io.cn"
    source: hosted
    version: "3.0.1"
  boolean_selector:
    dependency: transitive
    description:
      name: boolean_selector
      url: "https://pub.flutter-io.cn"
    source: hosted
    version: "2.1.0"
  characters:
    dependency: transitive
    description:
      name: characters
      url: "https://pub.flutter-io.cn"
    source: hosted
    version: "1.1.0"
  charcode:
    dependency: transitive
    description:
      name: charcode
      url: "https://pub.flutter-io.cn"
    source: hosted
    version: "1.3.1"
  clock:
    dependency: transitive
    description:
      name: clock
      url: "https://pub.flutter-io.cn"
    source: hosted
    version: "1.1.0"
  collection:
    dependency: transitive
    description:
      name: collection
      url: "https://pub.flutter-io.cn"
    source: hosted
    version: "1.15.0"
  connectivity:
    dependency: transitive
    description:
      name: connectivity
      url: "https://pub.flutter-io.cn"
    source: hosted
    version: "3.0.6"
  connectivity_for_web:
    dependency: transitive
    description:
      name: connectivity_for_web
      url: "https://pub.flutter-io.cn"
    source: hosted
    version: "0.4.0"
  connectivity_macos:
    dependency: transitive
    description:
      name: connectivity_macos
      url: "https://pub.flutter-io.cn"
    source: hosted
    version: "0.2.0"
  connectivity_platform_interface:
    dependency: transitive
    description:
      name: connectivity_platform_interface
      url: "https://pub.flutter-io.cn"
    source: hosted
    version: "2.0.1"
  convert:
    dependency: transitive
    description:
      name: convert
      url: "https://pub.flutter-io.cn"
    source: hosted
    version: "3.0.1"
  crypto:
    dependency: transitive
    description:
      name: crypto
      url: "https://pub.flutter-io.cn"
    source: hosted
    version: "3.0.1"
  cupertino_icons:
    dependency: "direct main"
    description:
      name: cupertino_icons
      url: "https://pub.flutter-io.cn"
    source: hosted
    version: "0.1.3"
  dio:
    dependency: transitive
    description:
      name: dio
      url: "https://pub.flutter-io.cn"
    source: hosted
    version: "3.0.10"
  event_bus:
    dependency: "direct main"
    description:
      name: event_bus
      url: "https://pub.flutter-io.cn"
    source: hosted
    version: "2.0.0"
  fake_async:
    dependency: transitive
    description:
      name: fake_async
      url: "https://pub.flutter-io.cn"
    source: hosted
    version: "1.2.0"
  ffi:
    dependency: transitive
    description:
      name: ffi
      url: "https://pub.flutter-io.cn"
    source: hosted
    version: "1.1.2"
  file:
    dependency: transitive
    description:
      name: file
      url: "https://pub.flutter-io.cn"
    source: hosted
    version: "6.1.2"
  file_picker:
    dependency: transitive
    description:
      name: file_picker
      url: "https://pub.flutter-io.cn"
    source: hosted
    version: "3.0.3"
  filesystem_picker:
    dependency: transitive
    description:
      name: filesystem_picker
      url: "https://pub.flutter-io.cn"
    source: hosted
    version: "1.0.4"
  fixnum:
    dependency: transitive
    description:
      name: fixnum
      url: "https://pub.flutter-io.cn"
    source: hosted
    version: "0.10.11"
  flutter:
    dependency: "direct main"
    description: flutter
    source: sdk
    version: "0.0.0"
  flutter_cache_manager:
    dependency: transitive
    description:
      name: flutter_cache_manager
      url: "https://pub.flutter-io.cn"
    source: hosted
    version: "2.1.2"
  flutter_colorpicker:
    dependency: transitive
    description:
      name: flutter_colorpicker
      url: "https://pub.flutter-io.cn"
    source: hosted
    version: "0.3.5"
  flutter_easylink:
    dependency: transitive
    description:
      name: flutter_easylink
      url: "https://pub.flutter-io.cn"
    source: hosted
    version: "0.0.5"
  flutter_localizations:
    dependency: "direct main"
    description: flutter
    source: sdk
    version: "0.0.0"
  flutter_natcloud_service:
    dependency: "direct main"
    description:
      path: flutter_natcloud_service
      relative: true
    source: path
    version: "0.0.1+3"
  flutter_oneshot:
    dependency: transitive
    description:
      name: flutter_oneshot
      url: "https://pub.flutter-io.cn"
    source: hosted
    version: "0.0.4+1"
  flutter_plugin_android_lifecycle:
    dependency: transitive
    description:
      name: flutter_plugin_android_lifecycle
      url: "https://pub.flutter-io.cn"
    source: hosted
    version: "2.0.2"
  flutter_seekbar:
    dependency: transitive
    description:
      name: flutter_seekbar
      url: "https://pub.flutter-io.cn"
    source: hosted
    version: "0.0.1"
  flutter_smartlink:
    dependency: transitive
    description:
      name: flutter_smartlink
      url: "https://pub.flutter-io.cn"
    source: hosted
    version: "0.0.5"
  flutter_test:
    dependency: "direct dev"
    description: flutter
    source: sdk
    version: "0.0.0"
  flutter_vlc_player:
    dependency: transitive
    description:
      name: flutter_vlc_player
      url: "https://pub.flutter-io.cn"
    source: hosted
    version: "6.0.2"
  flutter_vlc_player_platform_interface:
    dependency: transitive
    description:
      name: flutter_vlc_player_platform_interface
      url: "https://pub.flutter-io.cn"
    source: hosted
    version: "1.0.5"
  flutter_web_plugins:
    dependency: transitive
    description: flutter
    source: sdk
    version: "0.0.0"
  fluttertoast:
    dependency: "direct main"
    description:
      name: fluttertoast
      url: "https://pub.flutter-io.cn"
    source: hosted
    version: "7.1.8"
  gateway_grpc_api:
    dependency: "direct main"
    description:
      name: gateway_grpc_api
      url: "https://pub.flutter-io.cn"
    source: hosted
    version: "0.0.2"
  googleapis_auth:
    dependency: transitive
    description:
      name: googleapis_auth
      url: "https://pub.flutter-io.cn"
    source: hosted
    version: "0.2.12+1"
  grpc:
    dependency: "direct main"
    description:
      name: grpc
      url: "https://pub.flutter-io.cn"
    source: hosted
    version: "1.0.3"
  http:
    dependency: "direct main"
    description:
      name: http
      url: "https://pub.flutter-io.cn"
    source: hosted
    version: "0.12.2"
  http2:
    dependency: transitive
    description:
      name: http2
      url: "https://pub.flutter-io.cn"
    source: hosted
    version: "1.0.1"
  http_parser:
    dependency: transitive
    description:
      name: http_parser
      url: "https://pub.flutter-io.cn"
    source: hosted
    version: "3.1.4"
  http_server:
    dependency: transitive
    description:
      name: http_server
      url: "https://pub.flutter-io.cn"
    source: hosted
    version: "1.0.0"
  image:
    dependency: transitive
    description:
      name: image
      url: "https://pub.flutter-io.cn"
    source: hosted
    version: "3.0.2"
  intl:
    dependency: transitive
    description:
      name: intl
      url: "https://pub.flutter-io.cn"
    source: hosted
    version: "0.17.0"
  iot_manager_grpc_api:
    dependency: "direct main"
    description:
      name: iot_manager_grpc_api
      url: "https://pub.flutter-io.cn"
    source: hosted
    version: "0.0.2+31"
  jaguar:
    dependency: transitive
    description:
      name: jaguar
      url: "https://pub.flutter-io.cn"
    source: hosted
    version: "3.0.11"
  jaguar_common:
    dependency: transitive
    description:
      name: jaguar_common
      url: "https://pub.flutter-io.cn"
    source: hosted
    version: "3.0.0"
  jaguar_flutter_asset:
    dependency: "direct main"
    description:
      name: jaguar_flutter_asset
      url: "https://pub.flutter-io.cn"
    source: hosted
    version: "3.0.0"
  js:
    dependency: transitive
    description:
      name: js
      url: "https://pub.flutter-io.cn"
    source: hosted
    version: "0.6.3"
  json_annotation:
    dependency: transitive
    description:
      name: json_annotation
      url: "https://pub.flutter-io.cn"
    source: hosted
    version: "4.1.0"
  logging:
    dependency: transitive
    description:
      name: logging
      url: "https://pub.flutter-io.cn"
    source: hosted
    version: "1.0.1"
  matcher:
    dependency: transitive
    description:
      name: matcher
      url: "https://pub.flutter-io.cn"
    source: hosted
    version: "0.12.10"
  mdns_plugin:
    dependency: "direct main"
    description:
      name: mdns_plugin
      url: "https://pub.flutter-io.cn"
    source: hosted
    version: "1.1.4"
  meta:
    dependency: transitive
    description:
      name: meta
      url: "https://pub.flutter-io.cn"
    source: hosted
    version: "1.7.0"
  mime:
    dependency: transitive
    description:
      name: mime
      url: "https://pub.flutter-io.cn"
    source: hosted
    version: "1.0.0"
  mqtt5_client:
    dependency: transitive
    description:
      name: mqtt5_client
      url: "https://pub.flutter-io.cn"
    source: hosted
    version: "3.1.0"
  multicast_dns:
    dependency: "direct main"
    description:
      name: multicast_dns
      url: "https://pub.flutter-io.cn"
    source: hosted
    version: "0.2.2"
  nested:
    dependency: transitive
    description:
      name: nested
      url: "https://pub.flutter-io.cn"
    source: hosted
    version: "1.0.0"
  openiothub_api:
    dependency: "direct main"
    description:
      name: openiothub_api
      url: "https://pub.flutter-io.cn"
    source: hosted
    version: "0.0.2+42"
  openiothub_common_pages:
    dependency: "direct main"
    description:
      name: openiothub_common_pages
      url: "https://pub.flutter-io.cn"
    source: hosted
    version: "0.0.2+50"
  openiothub_constants:
    dependency: "direct main"
    description:
      name: openiothub_constants
      url: "https://pub.flutter-io.cn"
    source: hosted
    version: "0.0.2+9"
  openiothub_grpc_api:
    dependency: "direct main"
    description:
      name: openiothub_grpc_api
      url: "https://pub.flutter-io.cn"
    source: hosted
    version: "0.0.1+12"
  openiothub_plugin:
    dependency: "direct main"
    description:
      name: openiothub_plugin
      url: "https://pub.flutter-io.cn"
    source: hosted
    version: "0.0.2+25"
  package_info:
    dependency: transitive
    description:
      name: package_info
      url: "https://pub.flutter-io.cn"
    source: hosted
    version: "0.4.3+4"
  path:
    dependency: transitive
    description:
      name: path
      url: "https://pub.flutter-io.cn"
    source: hosted
    version: "1.8.0"
  path_provider:
    dependency: transitive
    description:
      name: path_provider
      url: "https://pub.flutter-io.cn"
    source: hosted
    version: "2.0.2"
  path_provider_linux:
    dependency: transitive
    description:
      name: path_provider_linux
      url: "https://pub.flutter-io.cn"
    source: hosted
    version: "2.0.0"
  path_provider_macos:
    dependency: transitive
    description:
      name: path_provider_macos
      url: "https://pub.flutter-io.cn"
    source: hosted
    version: "2.0.0"
  path_provider_platform_interface:
    dependency: transitive
    description:
      name: path_provider_platform_interface
      url: "https://pub.flutter-io.cn"
    source: hosted
    version: "2.0.1"
  path_provider_windows:
    dependency: transitive
    description:
      name: path_provider_windows
      url: "https://pub.flutter-io.cn"
    source: hosted
    version: "2.0.1"
  path_tree:
    dependency: transitive
    description:
      name: path_tree
      url: "https://pub.flutter-io.cn"
    source: hosted
    version: "3.0.0"
  pedantic:
    dependency: transitive
    description:
      name: pedantic
      url: "https://pub.flutter-io.cn"
    source: hosted
    version: "1.11.1"
  permission_handler:
    dependency: "direct main"
    description:
      name: permission_handler
      url: "https://pub.flutter-io.cn"
    source: hosted
    version: "3.3.0"
  petitparser:
    dependency: transitive
    description:
      name: petitparser
      url: "https://pub.flutter-io.cn"
    source: hosted
    version: "4.2.0"
  platform:
    dependency: transitive
    description:
      name: platform
      url: "https://pub.flutter-io.cn"
    source: hosted
    version: "3.0.0"
  platform_detect:
    dependency: transitive
    description:
      name: platform_detect
      url: "https://pub.flutter-io.cn"
    source: hosted
    version: "1.4.0"
  plugin_platform_interface:
    dependency: transitive
    description:
      name: plugin_platform_interface
      url: "https://pub.flutter-io.cn"
    source: hosted
    version: "2.0.1"
  process:
    dependency: transitive
    description:
      name: process
      url: "https://pub.flutter-io.cn"
    source: hosted
    version: "4.2.3"
  protobuf:
    dependency: "direct main"
    description:
      name: protobuf
      url: "https://pub.flutter-io.cn"
    source: hosted
    version: "1.1.4"
  provider:
    dependency: "direct main"
    description:
      name: provider
      url: "https://pub.flutter-io.cn"
    source: hosted
    version: "4.3.3"
  pub_semver:
    dependency: transitive
    description:
      name: pub_semver
      url: "https://pub.flutter-io.cn"
    source: hosted
    version: "1.4.4"
  rxdart:
    dependency: transitive
    description:
      name: rxdart
      url: "https://pub.flutter-io.cn"
    source: hosted
    version: "0.25.0"
  server_grpc_api:
    dependency: "direct main"
    description:
      name: server_grpc_api
      url: "https://pub.flutter-io.cn"
    source: hosted
    version: "0.0.1+2"
  shared_preferences:
    dependency: "direct main"
    description:
      name: shared_preferences
      url: "https://pub.flutter-io.cn"
    source: hosted
    version: "0.5.7+3"
  shared_preferences_macos:
    dependency: transitive
    description:
      name: shared_preferences_macos
      url: "https://pub.flutter-io.cn"
    source: hosted
    version: "0.0.1+11"
  shared_preferences_platform_interface:
    dependency: transitive
    description:
      name: shared_preferences_platform_interface
      url: "https://pub.flutter-io.cn"
    source: hosted
    version: "1.0.4"
  shared_preferences_web:
    dependency: transitive
    description:
      name: shared_preferences_web
      url: "https://pub.flutter-io.cn"
    source: hosted
    version: "0.1.2+7"
  sky_engine:
    dependency: transitive
    description: flutter
    source: sdk
    version: "0.0.99"
  source_span:
    dependency: transitive
    description:
      name: source_span
      url: "https://pub.flutter-io.cn"
    source: hosted
    version: "1.8.1"
  sqflite:
    dependency: transitive
    description:
      name: sqflite
      url: "https://pub.flutter-io.cn"
    source: hosted
    version: "2.0.0+3"
  sqflite_common:
    dependency: transitive
    description:
      name: sqflite_common
      url: "https://pub.flutter-io.cn"
    source: hosted
    version: "2.0.0+2"
  stack_trace:
    dependency: transitive
    description:
      name: stack_trace
      url: "https://pub.flutter-io.cn"
    source: hosted
    version: "1.10.0"
  stream_channel:
    dependency: transitive
    description:
      name: stream_channel
      url: "https://pub.flutter-io.cn"
    source: hosted
    version: "2.1.0"
  string_scanner:
    dependency: transitive
    description:
      name: string_scanner
      url: "https://pub.flutter-io.cn"
    source: hosted
    version: "1.1.0"
  synchronized:
    dependency: transitive
    description:
      name: synchronized
      url: "https://pub.flutter-io.cn"
    source: hosted
    version: "3.0.0"
  term_glyph:
    dependency: transitive
    description:
      name: term_glyph
      url: "https://pub.flutter-io.cn"
    source: hosted
    version: "1.2.0"
  test_api:
    dependency: transitive
    description:
      name: test_api
      url: "https://pub.flutter-io.cn"
    source: hosted
    version: "0.4.1"
  typed_data:
    dependency: transitive
    description:
      name: typed_data
      url: "https://pub.flutter-io.cn"
    source: hosted
    version: "1.3.0"
  url_launcher:
    dependency: "direct main"
    description:
      name: url_launcher
      url: "https://pub.flutter-io.cn"
    source: hosted
    version: "5.4.0"
  url_launcher_macos:
    dependency: transitive
    description:
      name: url_launcher_macos
      url: "https://pub.flutter-io.cn"
    source: hosted
    version: "0.0.1+9"
  url_launcher_platform_interface:
    dependency: transitive
    description:
      name: url_launcher_platform_interface
      url: "https://pub.flutter-io.cn"
    source: hosted
    version: "1.0.1"
  url_launcher_web:
    dependency: transitive
    description:
      name: url_launcher_web
      url: "https://pub.flutter-io.cn"
    source: hosted
    version: "0.1.3"
  uuid:
    dependency: transitive
    description:
      name: uuid
      url: "https://pub.flutter-io.cn"
    source: hosted
    version: "3.0.4"
  vector_math:
    dependency: transitive
    description:
      name: vector_math
      url: "https://pub.flutter-io.cn"
    source: hosted
    version: "2.1.0"
  video_player:
    dependency: "direct main"
    description:
      name: video_player
      url: "https://pub.flutter-io.cn"
    source: hosted
    version: "0.10.12+5"
  video_player_platform_interface:
    dependency: transitive
    description:
      name: video_player_platform_interface
      url: "https://pub.flutter-io.cn"
    source: hosted
    version: "2.2.0"
  video_player_web:
    dependency: transitive
    description:
      name: video_player_web
      url: "https://pub.flutter-io.cn"
    source: hosted
    version: "0.1.4+1"
  webview_flutter:
    dependency: "direct main"
    description:
      name: webview_flutter
      url: "https://pub.flutter-io.cn"
    source: hosted
    version: "0.3.24"
  wechat_kit:
    dependency: "direct main"
    description:
      name: wechat_kit
      url: "https://pub.flutter-io.cn"
    source: hosted
    version: "2.3.1"
  wifi_info_flutter:
    dependency: transitive
    description:
      name: wifi_info_flutter
      url: "https://pub.flutter-io.cn"
    source: hosted
    version: "2.0.2"
  wifi_info_flutter_platform_interface:
    dependency: transitive
    description:
      name: wifi_info_flutter_platform_interface
      url: "https://pub.flutter-io.cn"
    source: hosted
    version: "2.0.1"
  win32:
    dependency: transitive
    description:
      name: win32
      url: "https://pub.flutter-io.cn"
    source: hosted
    version: "2.2.5"
  xdg_directories:
    dependency: transitive
    description:
      name: xdg_directories
      url: "https://pub.flutter-io.cn"
    source: hosted
    version: "0.2.0"
  xml:
    dependency: transitive
    description:
      name: xml
      url: "https://pub.flutter-io.cn"
    source: hosted
    version: "5.1.2"
sdks:
  dart: ">=2.13.0 <3.0.0"
  flutter: ">=1.24.0-10"
