PODS:
  - Flutter (1.0.0)
  - flutter_natcloud_service (0.0.1):
    - Flutter

DEPENDENCIES:
  - Flutter (from `.symlinks/flutter/ios`)
  - flutter_natcloud_service (from `.symlinks/plugins/flutter_natcloud_service/ios`)

EXTERNAL SOURCES:
  Flutter:
    :path: ".symlinks/flutter/ios"
  flutter_natcloud_service:
    :path: ".symlinks/plugins/flutter_natcloud_service/ios"

SPEC CHECKSUMS:
  Flutter: 0e3d915762c693b495b44d77113d4970485de6ec
  flutter_natcloud_service: 7da325592b738a0e77e77695e55287bb6ce3ca79

PODFILE CHECKSUM: 10ae9c18d12c9ffc2275c9a159a3b1e281990db0

COCOAPODS: 1.8.4
