PODS:
  - connectivity_plus (0.0.1):
    - Flutter
    - ReachabilitySwift
  - DKImagePickerController/Core (4.3.4):
    - DKImagePickerController/ImageDataManager
    - DKImagePickerController/Resource
  - DKImagePickerController/ImageDataManager (4.3.4)
  - DKImagePickerController/PhotoGallery (4.3.4):
    - DKImagePickerController/Core
    - DKPhotoGallery
  - DKImagePickerController/Resource (4.3.4)
  - DKPhotoGallery (0.0.17):
    - DKPhotoGallery/Core (= 0.0.17)
    - DKPhotoGallery/Model (= 0.0.17)
    - DKPhotoGallery/Preview (= 0.0.17)
    - DKPhotoGallery/Resource (= 0.0.17)
    - SDWebImage
    - SwiftyGif
  - DKPhotoGallery/Core (0.0.17):
    - DKPhotoGallery/Model
    - DKPhotoGallery/Preview
    - SDWebImage
    - SwiftyGif
  - DKPhotoGallery/Model (0.0.17):
    - SDWebImage
    - SwiftyGif
  - DKPhotoGallery/Preview (0.0.17):
    - DKPhotoGallery/Model
    - DKPhotoGallery/Resource
    - SDWebImage
    - SwiftyGif
  - DKPhotoGallery/Resource (0.0.17):
    - SDWebImage
    - SwiftyGif
  - file_picker (0.0.1):
    - DKImagePickerController/PhotoGallery
    - Flutter
  - Flutter (1.0.0)
  - flutter_easylink (0.0.1):
    - Flutter
  - flutter_nsd (0.0.1):
    - Flutter
  - flutter_oneshot (0.0.1):
    - Flutter
  - flutter_smartlink (0.0.1):
    - Flutter
  - flutter_vlc_player (3.0.3):
    - Flutter
    - MobileVLCKit (~> 3.6.0b9)
  - MobileVLCKit (3.6.0b10)
  - openiothub_mobile_service (0.0.1):
    - Flutter
    - OpenIoTHubMobile (= 0.0.9)
  - OpenIoTHubMobile (0.0.9)
  - package_info_plus (0.4.5):
    - Flutter
  - path_provider_foundation (0.0.1):
    - Flutter
    - FlutterMacOS
  - permission_handler_apple (9.1.1):
    - Flutter
  - ReachabilitySwift (5.0.0)
  - SDWebImage (5.18.10):
    - SDWebImage/Core (= 5.18.10)
  - SDWebImage/Core (5.18.10)
  - shared_preferences_foundation (0.0.1):
    - Flutter
    - FlutterMacOS
  - SwiftyGif (5.4.4)
  - url_launcher_ios (0.0.1):
    - Flutter
  - webview_flutter_wkwebview (0.0.1):
    - Flutter
  - wechat_kit (2.3.1):
    - Flutter
    - wechat_kit/vendor (= 2.3.1)
  - wechat_kit/vendor (2.3.1):
    - Flutter
    - WechatOpenSDK (~> 1.8.7.1)
  - WechatOpenSDK (1.8.7.1)
  - wifi_info_flutter (0.0.1):
    - Flutter

DEPENDENCIES:
  - connectivity_plus (from `.symlinks/plugins/connectivity_plus/ios`)
  - file_picker (from `.symlinks/plugins/file_picker/ios`)
  - Flutter (from `Flutter`)
  - flutter_easylink (from `.symlinks/plugins/flutter_easylink/ios`)
  - flutter_nsd (from `.symlinks/plugins/flutter_nsd/ios`)
  - flutter_oneshot (from `.symlinks/plugins/flutter_oneshot/ios`)
  - flutter_smartlink (from `.symlinks/plugins/flutter_smartlink/ios`)
  - flutter_vlc_player (from `.symlinks/plugins/flutter_vlc_player/ios`)
  - openiothub_mobile_service (from `.symlinks/plugins/openiothub_mobile_service/ios`)
  - package_info_plus (from `.symlinks/plugins/package_info_plus/ios`)
  - path_provider_foundation (from `.symlinks/plugins/path_provider_foundation/darwin`)
  - permission_handler_apple (from `.symlinks/plugins/permission_handler_apple/ios`)
  - shared_preferences_foundation (from `.symlinks/plugins/shared_preferences_foundation/darwin`)
  - url_launcher_ios (from `.symlinks/plugins/url_launcher_ios/ios`)
  - webview_flutter_wkwebview (from `.symlinks/plugins/webview_flutter_wkwebview/ios`)
  - wechat_kit (from `.symlinks/plugins/wechat_kit/ios`)
  - wifi_info_flutter (from `.symlinks/plugins/wifi_info_flutter/ios`)

SPEC REPOS:
  trunk:
    - DKImagePickerController
    - DKPhotoGallery
    - MobileVLCKit
    - OpenIoTHubMobile
    - ReachabilitySwift
    - SDWebImage
    - SwiftyGif
    - WechatOpenSDK

EXTERNAL SOURCES:
  connectivity_plus:
    :path: ".symlinks/plugins/connectivity_plus/ios"
  file_picker:
    :path: ".symlinks/plugins/file_picker/ios"
  Flutter:
    :path: Flutter
  flutter_easylink:
    :path: ".symlinks/plugins/flutter_easylink/ios"
  flutter_nsd:
    :path: ".symlinks/plugins/flutter_nsd/ios"
  flutter_oneshot:
    :path: ".symlinks/plugins/flutter_oneshot/ios"
  flutter_smartlink:
    :path: ".symlinks/plugins/flutter_smartlink/ios"
  flutter_vlc_player:
    :path: ".symlinks/plugins/flutter_vlc_player/ios"
  openiothub_mobile_service:
    :path: ".symlinks/plugins/openiothub_mobile_service/ios"
  package_info_plus:
    :path: ".symlinks/plugins/package_info_plus/ios"
  path_provider_foundation:
    :path: ".symlinks/plugins/path_provider_foundation/darwin"
  permission_handler_apple:
    :path: ".symlinks/plugins/permission_handler_apple/ios"
  shared_preferences_foundation:
    :path: ".symlinks/plugins/shared_preferences_foundation/darwin"
  url_launcher_ios:
    :path: ".symlinks/plugins/url_launcher_ios/ios"
  webview_flutter_wkwebview:
    :path: ".symlinks/plugins/webview_flutter_wkwebview/ios"
  wechat_kit:
    :path: ".symlinks/plugins/wechat_kit/ios"
  wifi_info_flutter:
    :path: ".symlinks/plugins/wifi_info_flutter/ios"

SPEC CHECKSUMS:
  connectivity_plus: bf0076dd84a130856aa636df1c71ccaff908fa1d
  DKImagePickerController: b512c28220a2b8ac7419f21c491fc8534b7601ac
  DKPhotoGallery: fdfad5125a9fdda9cc57df834d49df790dbb4179
  file_picker: ce3938a0df3cc1ef404671531facef740d03f920
  Flutter: f04841e97a9d0b0a8025694d0796dd46242b2854
  flutter_easylink: b10f76d05b7855bb5c664e5e190b576dc75330cc
  flutter_nsd: e945908005778ba9e7466b7d4dc9ea1c758022d4
  flutter_oneshot: 0c221471d1688cc987e41fc55f9e7b6d997e9120
  flutter_smartlink: 18c271f7f14a872e028ba3dd89e5fa33db4ca83b
  flutter_vlc_player: 2e318881576450ff081eb023d47c289f2c6681eb
  MobileVLCKit: 937ec2b5da5f078458d7bbdddc68f65ccce8bb62
  openiothub_mobile_service: 36be0a1ec11926f3170e3d02a6275b31a166c10c
  OpenIoTHubMobile: 94156aa448c94f6fe9d4ea21d47965b46960de1f
  package_info_plus: 115f4ad11e0698c8c1c5d8a689390df880f47e85
  path_provider_foundation: 3784922295ac71e43754bd15e0653ccfd36a147c
  permission_handler_apple: e76247795d700c14ea09e3a2d8855d41ee80a2e6
  ReachabilitySwift: 985039c6f7b23a1da463388634119492ff86c825
  SDWebImage: fc8f2d48bbfd72ef39d70e981bd24a3f3be53fec
  shared_preferences_foundation: b4c3b4cddf1c21f02770737f147a3f5da9d39695
  SwiftyGif: 93a1cc87bf3a51916001cf8f3d63835fb64c819f
  url_launcher_ios: bbd758c6e7f9fd7b5b1d4cde34d2b95fcce5e812
  webview_flutter_wkwebview: be0f0d33777f1bfd0c9fdcb594786704dbf65f36
  wechat_kit: f0d7689116121620fcf543f42221f97a9fc2cf1e
  WechatOpenSDK: 6a4d1436c15b3b5fe2a0bd383f3046010186da44
  wifi_info_flutter: 55d4c2469034f5b5c38063ccefa62f708a503a2b

PODFILE CHECKSUM: a57f30d18f102dd3ce366b1d62a55ecbef2158e5

COCOAPODS: 1.15.0
